
Microsoft Visual Studio Solution File, Format Version 12.00
# Visual Studio Version 16
VisualStudioVersion = 16.0.31129.286
MinimumVisualStudioVersion = 10.0.40219.1
Project("{FAE04EC0-301F-11D3-BF4B-00C04F79EFBC}") = "TreadSemaphore", "TreadSemaphore\TreadSemaphore.csproj", "{B427FD90-B104-4629-8177-30F172F7B626}"
EndProject
Global
	GlobalSection(SolutionConfigurationPlatforms) = preSolution
		Debug|Any CPU = Debug|Any CPU
		Release|Any CPU = Release|Any CPU
	EndGlobalSection
	GlobalSection(ProjectConfigurationPlatforms) = postSolution
		{B427FD90-B104-4629-8177-30F172F7B626}.Debug|Any CPU.ActiveCfg = Debug|Any CPU
		{B427FD90-B104-4629-8177-30F172F7B626}.Debug|Any CPU.Build.0 = Debug|Any CPU
		{B427FD90-B104-4629-8177-30F172F7B626}.Release|Any CPU.ActiveCfg = Release|Any CPU
		{B427FD90-B104-4629-8177-30F172F7B626}.Release|Any CPU.Build.0 = Release|Any CPU
	EndGlobalSection
	GlobalSection(SolutionProperties) = preSolution
		HideSolutionNode = FALSE
	EndGlobalSection
	GlobalSection(ExtensibilityGlobals) = postSolution
		SolutionGuid = {406D0B18-3BC1-440E-AE32-E2020169BC05}
	EndGlobalSection
EndGlobal
